
Microsoft Visual Studio Solution File, Format Version 12.00
# Visual Studio Version 17
VisualStudioVersion = 17.14.36203.30 d17.14
MinimumVisualStudioVersion = 10.0.40219.1
Project("{FAE04EC0-301F-11D3-BF4B-00C04F79EFBC}") = "apitestingDatabase", "apitestingDatabase\apitestingDatabase.csproj", "{BAFE3077-CA0E-4FB8-B023-59BDC586C1D5}"
EndProject
Global
	GlobalSection(SolutionConfigurationPlatforms) = preSolution
		Debug|Any CPU = Debug|Any CPU
		Release|Any CPU = Release|Any CPU
	EndGlobalSection
	GlobalSection(ProjectConfigurationPlatforms) = postSolution
		{BAFE3077-CA0E-4FB8-B023-59BDC586C1D5}.Debug|Any CPU.ActiveCfg = Debug|Any CPU
		{BAFE3077-CA0E-4FB8-B023-59BDC586C1D5}.Debug|Any CPU.Build.0 = Debug|Any CPU
		{BAFE3077-CA0E-4FB8-B023-59BDC586C1D5}.Release|Any CPU.ActiveCfg = Release|Any CPU
		{BAFE3077-CA0E-4FB8-B023-59BDC586C1D5}.Release|Any CPU.Build.0 = Release|Any CPU
	EndGlobalSection
	GlobalSection(SolutionProperties) = preSolution
		HideSolutionNode = FALSE
	EndGlobalSection
	GlobalSection(ExtensibilityGlobals) = postSolution
		SolutionGuid = {D3202F79-18FE-43F5-B9E2-E00F4EADF43A}
	EndGlobalSection
EndGlobal
